
Microsoft Visual Studio Solution File, Format Version 12.00
# Visual Studio Version 17
VisualStudioVersion = 17.3.32922.545
MinimumVisualStudioVersion = 10.0.40219.1
Project("{FAE04EC0-301F-11D3-BF4B-00C04F79EFBC}") = "pracaDomowa3", "pracaDomowa3\pracaDomowa3.csproj", "{EEFC1B6A-0171-45DA-8B9A-5843CDAE531A}"
EndProject
Global
	GlobalSection(SolutionConfigurationPlatforms) = preSolution
		Debug|Any CPU = Debug|Any CPU
		Release|Any CPU = Release|Any CPU
	EndGlobalSection
	GlobalSection(ProjectConfigurationPlatforms) = postSolution
		{EEFC1B6A-0171-45DA-8B9A-5843CDAE531A}.Debug|Any CPU.ActiveCfg = Debug|Any CPU
		{EEFC1B6A-0171-45DA-8B9A-5843CDAE531A}.Debug|Any CPU.Build.0 = Debug|Any CPU
		{EEFC1B6A-0171-45DA-8B9A-5843CDAE531A}.Release|Any CPU.ActiveCfg = Release|Any CPU
		{EEFC1B6A-0171-45DA-8B9A-5843CDAE531A}.Release|Any CPU.Build.0 = Release|Any CPU
	EndGlobalSection
	GlobalSection(SolutionProperties) = preSolution
		HideSolutionNode = FALSE
	EndGlobalSection
	GlobalSection(ExtensibilityGlobals) = postSolution
		SolutionGuid = {5EB355F7-0222-46D6-8B95-E4817FDDD252}
	EndGlobalSection
EndGlobal
